{
  "name": "perf",
  "version": "1.0.0",
  "lockfileVersion": 1,
  "requires": true,
  "dependencies": {
    "browscap-js": {
      "version": "2.2.6027",
      "resolved": "https://registry.npmjs.org/browscap-js/-/browscap-js-2.2.6027.tgz",
      "integrity": "sha512-vfLfKBJYK1vq6ZVvf0fbIh6ssA3Mo2iOUFKiH4tq9DZCVpPucO7eo3pdNhNN875sE/Rr57/0PV/KbwYvkN61UA==",
      "requires": {
        "browscap-js-cache": "1.2.0",
        "browscap-json-cache-files": "1.2.6027",
        "md5": "2.2.1",
        "synchronous-promise": "1.0.18"
      }
    },
    "browscap-js-cache": {
      "version": "1.2.0",
      "resolved": "https://registry.npmjs.org/browscap-js-cache/-/browscap-js-cache-1.2.0.tgz",
      "integrity": "sha1-VN8MfBREDPQxUXOFSSIZ7lqtFfI="
    },
    "browscap-json-cache-files": {
      "version": "1.2.6027",
      "resolved": "https://registry.npmjs.org/browscap-json-cache-files/-/browscap-json-cache-files-1.2.6027.tgz",
      "integrity": "sha512-2PQuJpv5P2RngXIPD+38CfYxivVJSDJf/pwXabQXoTAbC+PePFXbJD2O+5fJjdXDUYfjf/EC19omLqBZJAEigA=="
    },
    "charenc": {
      "version": "0.0.2",
      "resolved": "https://registry.npmjs.org/charenc/-/charenc-0.0.2.tgz",
      "integrity": "sha1-wKHS86cJLgN3S/qD8UwPxXkKhmc="
    },
    "crypt": {
      "version": "0.0.2",
      "resolved": "https://registry.npmjs.org/crypt/-/crypt-0.0.2.tgz",
      "integrity": "sha1-iNf/fsDfuG9xPch7u0LQRNPmxBs="
    },
    "is-buffer": {
      "version": "1.1.6",
      "resolved": "https://registry.npmjs.org/is-buffer/-/is-buffer-1.1.6.tgz",
      "integrity": "sha512-NcdALwpXkTm5Zvvbk7owOUSvVvBKDgKP5/ewfXEznmQFfs4ZRmanOeKBTjRVjka3QFoN6XJ+9F3USqfHqTaU5w=="
    },
    "lru-cache": {
      "version": "2.2.4",
      "resolved": "https://registry.npmjs.org/lru-cache/-/lru-cache-2.2.4.tgz",
      "integrity": "sha1-bGWGGb7PFAMdDQtZSxYELOTcBj0="
    },
    "md5": {
      "version": "2.2.1",
      "resolved": "https://registry.npmjs.org/md5/-/md5-2.2.1.tgz",
      "integrity": "sha1-U6s41f48iJG6RlMp6iP6wFQBJvk=",
      "requires": {
        "charenc": "0.0.2",
        "crypt": "0.0.2",
        "is-buffer": "1.1.6"
      }
    },
    "os-tmpdir": {
      "version": "1.0.2",
      "resolved": "https://registry.npmjs.org/os-tmpdir/-/os-tmpdir-1.0.2.tgz",
      "integrity": "sha1-u+Z0BseaqFxc/sdm/lc0VV36EnQ="
    },
    "synchronous-promise": {
      "version": "1.0.18",
      "resolved": "https://registry.npmjs.org/synchronous-promise/-/synchronous-promise-1.0.18.tgz",
      "integrity": "sha512-UqMAK6BBBXu8qaDI5omlyV9iDpM9nQfgthaBOK0nlfXnMgiuOBv+meWG73CGeCCFRhOOOa2e4rvqYzfynzy5zg=="
    },
    "tmp": {
      "version": "0.0.33",
      "resolved": "https://registry.npmjs.org/tmp/-/tmp-0.0.33.tgz",
      "integrity": "sha512-jRCJlojKnZ3addtTOjdIqoRuPEKBvNXcGYqzO6zWZX8KfKEpnGY5jfggJQ3EjKuu8D4bJRr0y+cYJFmYbImXGw==",
      "requires": {
        "os-tmpdir": "1.0.2"
      }
    },
    "useragent": {
      "version": "2.2.1",
      "resolved": "https://registry.npmjs.org/useragent/-/useragent-2.2.1.tgz",
      "integrity": "sha1-z1k+9PLRdYdei7ZY6pLhik/QbY4=",
      "requires": {
        "lru-cache": "2.2.4",
        "tmp": "0.0.33"
      }
    },
    "which-browser": {
      "version": "0.2.6",
      "resolved": "https://registry.npmjs.org/which-browser/-/which-browser-0.2.6.tgz",
      "integrity": "sha512-jbjVLZJgMqwGumpMXj3dh9MLlvH4g0ok3Ab7x9kK3D0u27TPfs42LbX9NKErZOoHctrGN45H6QFPQ/4DW+DbHg=="
    }
  }
}
